
Microsoft Visual Studio Solution File, Format Version 12.00
# Visual Studio Version 16
VisualStudioVersion = 16.0.29418.71
MinimumVisualStudioVersion = 10.0.40219.1
Project("{9A19103F-16F7-4668-BE54-9A1E7A4F7556}") = "ClientStorage", "ClientStorage\ClientStorage.csproj", "{D636A6A4-0122-4F8E-8999-DBDBF3A84A50}"
EndProject
Project("{9A19103F-16F7-4668-BE54-9A1E7A4F7556}") = "TodoApi", "WebAPI\TodoApi\TodoApi.csproj", "{4596BB00-C2E4-4241-BF60-5FFBCFF80C65}"
EndProject
Project("{9A19103F-16F7-4668-BE54-9A1E7A4F7556}") = "GridUseagePro", "GridUseagePro\GridUseagePro.csproj", "{83C7B442-DBDE-41E5-9C7A-B2C0F6149C05}"
EndProject
Global
	GlobalSection(SolutionConfigurationPlatforms) = preSolution
		Debug|Any CPU = Debug|Any CPU
		Release|Any CPU = Release|Any CPU
	EndGlobalSection
	GlobalSection(ProjectConfigurationPlatforms) = postSolution
		{D636A6A4-0122-4F8E-8999-DBDBF3A84A50}.Debug|Any CPU.ActiveCfg = Debug|Any CPU
		{D636A6A4-0122-4F8E-8999-DBDBF3A84A50}.Debug|Any CPU.Build.0 = Debug|Any CPU
		{D636A6A4-0122-4F8E-8999-DBDBF3A84A50}.Release|Any CPU.ActiveCfg = Release|Any CPU
		{D636A6A4-0122-4F8E-8999-DBDBF3A84A50}.Release|Any CPU.Build.0 = Release|Any CPU
		{4596BB00-C2E4-4241-BF60-5FFBCFF80C65}.Debug|Any CPU.ActiveCfg = Debug|Any CPU
		{4596BB00-C2E4-4241-BF60-5FFBCFF80C65}.Debug|Any CPU.Build.0 = Debug|Any CPU
		{4596BB00-C2E4-4241-BF60-5FFBCFF80C65}.Release|Any CPU.ActiveCfg = Release|Any CPU
		{4596BB00-C2E4-4241-BF60-5FFBCFF80C65}.Release|Any CPU.Build.0 = Release|Any CPU
		{83C7B442-DBDE-41E5-9C7A-B2C0F6149C05}.Debug|Any CPU.ActiveCfg = Debug|Any CPU
		{83C7B442-DBDE-41E5-9C7A-B2C0F6149C05}.Debug|Any CPU.Build.0 = Debug|Any CPU
		{83C7B442-DBDE-41E5-9C7A-B2C0F6149C05}.Release|Any CPU.ActiveCfg = Release|Any CPU
		{83C7B442-DBDE-41E5-9C7A-B2C0F6149C05}.Release|Any CPU.Build.0 = Release|Any CPU
	EndGlobalSection
	GlobalSection(SolutionProperties) = preSolution
		HideSolutionNode = FALSE
	EndGlobalSection
	GlobalSection(ExtensibilityGlobals) = postSolution
		SolutionGuid = {A5114FCE-1BA2-4716-810E-8BE0973A10AA}
	EndGlobalSection
EndGlobal
