
Microsoft Visual Studio Solution File, Format Version 12.00
# Visual Studio Version 16
VisualStudioVersion = 16.0.29519.181
MinimumVisualStudioVersion = 10.0.40219.1
Project("{FAE04EC0-301F-11D3-BF4B-00C04F79EFBC}") = "NetMeetingPro", "NetMeetingPro.csproj", "{55A56D89-6A36-48EF-8498-171A5D087785}"
EndProject
Global
	GlobalSection(SolutionConfigurationPlatforms) = preSolution
		Debug|Any CPU = Debug|Any CPU
		Release|Any CPU = Release|Any CPU
	EndGlobalSection
	GlobalSection(ProjectConfigurationPlatforms) = postSolution
		{55A56D89-6A36-48EF-8498-171A5D087785}.Debug|Any CPU.ActiveCfg = Debug|Any CPU
		{55A56D89-6A36-48EF-8498-171A5D087785}.Debug|Any CPU.Build.0 = Debug|Any CPU
		{55A56D89-6A36-48EF-8498-171A5D087785}.Release|Any CPU.ActiveCfg = Release|Any CPU
		{55A56D89-6A36-48EF-8498-171A5D087785}.Release|Any CPU.Build.0 = Release|Any CPU
	EndGlobalSection
	GlobalSection(SolutionProperties) = preSolution
		HideSolutionNode = FALSE
	EndGlobalSection
	GlobalSection(ExtensibilityGlobals) = postSolution
		SolutionGuid = {F58A2EAD-A51D-4612-9511-039C8DEE5C69}
	EndGlobalSection
EndGlobal
